{
  "name": "tipcode",
  "version": "1.0.1",
  "lockfileVersion": 1,
  "requires": true,
  "dependencies": {
    "ascli": {
      "version": "0.3.0",
      "resolved": "https://registry.npmjs.org/ascli/-/ascli-0.3.0.tgz",
      "integrity": "sha1-XmYjDlIZ/j6JUqTvtPIPrllqgTo=",
      "dev": true,
      "requires": {
        "colour": "^0.7.1",
        "optjs": "^3.2.2"
      }
    },
    "colour": {
      "version": "0.7.1",
      "resolved": "https://registry.npmjs.org/colour/-/colour-0.7.1.tgz",
      "integrity": "sha1-nLFpkX7F0SwHNtPoaFdG3xyt93g=",
      "dev": true
    },
    "glob": {
      "version": "3.2.11",
      "resolved": "https://registry.npmjs.org/glob/-/glob-3.2.11.tgz",
      "integrity": "sha1-Spc/Y1uRkPcV0QmH1cAP0oFevj0=",
      "dev": true,
      "requires": {
        "inherits": "2",
        "minimatch": "0.3"
      }
    },
    "inherits": {
      "version": "2.0.3",
      "resolved": "https://registry.npmjs.org/inherits/-/inherits-2.0.3.tgz",
      "integrity": "sha1-Yzwsg+PaQqUC9SRmAiSA9CCCYd4=",
      "dev": true
    },
    "lru-cache": {
      "version": "2.7.3",
      "resolved": "https://registry.npmjs.org/lru-cache/-/lru-cache-2.7.3.tgz",
      "integrity": "sha1-bUUk6LlV+V1PW1iFHOId1y+06VI=",
      "dev": true
    },
    "metascript": {
      "version": "1.0.0",
      "resolved": "https://registry.npmjs.org/metascript/-/metascript-1.0.0.tgz",
      "integrity": "sha1-k2oWnn/yq325+u6MdfvC58/As/U=",
      "dev": true,
      "requires": {
        "ascli": "~0.3",
        "glob": "~3.2"
      }
    },
    "minimatch": {
      "version": "0.3.0",
      "resolved": "https://registry.npmjs.org/minimatch/-/minimatch-0.3.0.tgz",
      "integrity": "sha1-J12O2qxPG7MyZHIInnlJyDlGmd0=",
      "dev": true,
      "requires": {
        "lru-cache": "2",
        "sigmund": "~1.0.0"
      }
    },
    "optjs": {
      "version": "3.2.2",
      "resolved": "https://registry.npmjs.org/optjs/-/optjs-3.2.2.tgz",
      "integrity": "sha1-aabOicRCpEQDFBrS+bNwvVu29O4=",
      "dev": true
    },
    "sigmund": {
      "version": "1.0.1",
      "resolved": "https://registry.npmjs.org/sigmund/-/sigmund-1.0.1.tgz",
      "integrity": "sha1-P/IfGYytIXX587eBhT/ZTQ0ZtZA=",
      "dev": true
    }
  }
}
